
Microsoft Visual Studio Solution File, Format Version 12.00
# Visual Studio Version 17
VisualStudioVersion = 17.14.36414.22 d17.14
MinimumVisualStudioVersion = 10.0.40219.1
Project("{FAE04EC0-301F-11D3-BF4B-00C04F79EFBC}") = "teste04", "teste04\teste04.csproj", "{8678EB72-48DC-49BB-AA25-75341B07668F}"
EndProject
Global
	GlobalSection(SolutionConfigurationPlatforms) = preSolution
		Debug|Any CPU = Debug|Any CPU
		Release|Any CPU = Release|Any CPU
	EndGlobalSection
	GlobalSection(ProjectConfigurationPlatforms) = postSolution
		{8678EB72-48DC-49BB-AA25-75341B07668F}.Debug|Any CPU.ActiveCfg = Debug|Any CPU
		{8678EB72-48DC-49BB-AA25-75341B07668F}.Debug|Any CPU.Build.0 = Debug|Any CPU
		{8678EB72-48DC-49BB-AA25-75341B07668F}.Release|Any CPU.ActiveCfg = Release|Any CPU
		{8678EB72-48DC-49BB-AA25-75341B07668F}.Release|Any CPU.Build.0 = Release|Any CPU
	EndGlobalSection
	GlobalSection(SolutionProperties) = preSolution
		HideSolutionNode = FALSE
	EndGlobalSection
	GlobalSection(ExtensibilityGlobals) = postSolution
		SolutionGuid = {8D2FE182-213A-47B2-92CB-7D2224F018A5}
	EndGlobalSection
EndGlobal
